// !$*UTF8*$!
{
	archiveVersion = 1;
	classes = {
	};
	objectVersion = 56;
	objects = {

/* Begin PBXBuildFile section */
		A1000001 /* PIQApp.swift in Sources */ = {isa = PBXBuildFile; fileRef = A2000001 /* PIQApp.swift */; };
		A1000002 /* AppState.swift in Sources */ = {isa = PBXBuildFile; fileRef = A2000002 /* AppState.swift */; };
		A1000003 /* MenuBarView.swift in Sources */ = {isa = PBXBuildFile; fileRef = A2000003 /* MenuBarView.swift */; };
		A1000004 /* Assets.xcassets in Resources */ = {isa = PBXBuildFile; fileRef = A2000004 /* Assets.xcassets */; };
		A1000050 /* SessionEntry.swift in Sources */ = {isa = PBXBuildFile; fileRef = A2000050 /* SessionEntry.swift */; };
		A1000051 /* SessionMessage.swift in Sources */ = {isa = PBXBuildFile; fileRef = A2000051 /* SessionMessage.swift */; };
		A1000052 /* SessionTurn.swift in Sources */ = {isa = PBXBuildFile; fileRef = A2000052 /* SessionTurn.swift */; };
		A1000053 /* SessionParser.swift in Sources */ = {isa = PBXBuildFile; fileRef = A2000053 /* SessionParser.swift */; };
		A1000054 /* SessionScanner.swift in Sources */ = {isa = PBXBuildFile; fileRef = A2000054 /* SessionScanner.swift */; };
		A1000055 /* SessionFileWatcher.swift in Sources */ = {isa = PBXBuildFile; fileRef = A2000055 /* SessionFileWatcher.swift */; };
		A1000056 /* SessionStore.swift in Sources */ = {isa = PBXBuildFile; fileRef = A2000056 /* SessionStore.swift */; };
		A1000057 /* SessionWindowView.swift in Sources */ = {isa = PBXBuildFile; fileRef = A2000057 /* SessionWindowView.swift */; };
		A1000058 /* SessionListView.swift in Sources */ = {isa = PBXBuildFile; fileRef = A2000058 /* SessionListView.swift */; };
		A1000059 /* SessionRowView.swift in Sources */ = {isa = PBXBuildFile; fileRef = A2000059 /* SessionRowView.swift */; };
		A1000060 /* SessionDetailView.swift in Sources */ = {isa = PBXBuildFile; fileRef = A2000060 /* SessionDetailView.swift */; };
		A1000061 /* SessionTurnView.swift in Sources */ = {isa = PBXBuildFile; fileRef = A2000061 /* SessionTurnView.swift */; };
		A1000062 /* SessionContentBlockView.swift in Sources */ = {isa = PBXBuildFile; fileRef = A2000062 /* SessionContentBlockView.swift */; };
		A1000063 /* SessionToolCallView.swift in Sources */ = {isa = PBXBuildFile; fileRef = A2000063 /* SessionToolCallView.swift */; };
		A1000064 /* StatsOverviewView.swift in Sources */ = {isa = PBXBuildFile; fileRef = A2000064 /* StatsOverviewView.swift */; };
		A1000065 /* MarkdownTextView.swift in Sources */ = {isa = PBXBuildFile; fileRef = A2000065 /* MarkdownTextView.swift */; };
/* End PBXBuildFile section */

/* Begin PBXContainerItemProxy section */
		AA000001 /* PBXContainerItemProxy */ = {
			isa = PBXContainerItemProxy;
			containerPortal = A8000001 /* Project object */;
			proxyType = 1;
			remoteGlobalIDString = A5000001;
			remoteInfo = PIQ;
		};
/* End PBXContainerItemProxy section */

/* Begin PBXFileReference section */
		A2000001 /* PIQApp.swift */ = {isa = PBXFileReference; lastKnownFileType = sourcecode.swift; path = PIQApp.swift; sourceTree = "<group>"; };
		A2000002 /* AppState.swift */ = {isa = PBXFileReference; lastKnownFileType = sourcecode.swift; path = AppState.swift; sourceTree = "<group>"; };
		A2000003 /* MenuBarView.swift */ = {isa = PBXFileReference; lastKnownFileType = sourcecode.swift; path = MenuBarView.swift; sourceTree = "<group>"; };
		A2000004 /* Assets.xcassets */ = {isa = PBXFileReference; lastKnownFileType = folder.assetcatalog; path = Assets.xcassets; sourceTree = "<group>"; };
		A2000005 /* Info.plist */ = {isa = PBXFileReference; lastKnownFileType = text.plist.xml; path = Info.plist; sourceTree = "<group>"; };
		A2000010 /* PIQ.app */ = {isa = PBXFileReference; explicitFileType = wrapper.application; includeInIndex = 0; path = PIQ.app; sourceTree = BUILT_PRODUCTS_DIR; };
		A2000019 /* PIQTests.xctest */ = {isa = PBXFileReference; explicitFileType = wrapper.cfbundle; includeInIndex = 0; path = PIQTests.xctest; sourceTree = BUILT_PRODUCTS_DIR; };
		A2000050 /* SessionEntry.swift */ = {isa = PBXFileReference; lastKnownFileType = sourcecode.swift; path = SessionEntry.swift; sourceTree = "<group>"; };
		A2000051 /* SessionMessage.swift */ = {isa = PBXFileReference; lastKnownFileType = sourcecode.swift; path = SessionMessage.swift; sourceTree = "<group>"; };
		A2000052 /* SessionTurn.swift */ = {isa = PBXFileReference; lastKnownFileType = sourcecode.swift; path = SessionTurn.swift; sourceTree = "<group>"; };
		A2000053 /* SessionParser.swift */ = {isa = PBXFileReference; lastKnownFileType = sourcecode.swift; path = SessionParser.swift; sourceTree = "<group>"; };
		A2000054 /* SessionScanner.swift */ = {isa = PBXFileReference; lastKnownFileType = sourcecode.swift; path = SessionScanner.swift; sourceTree = "<group>"; };
		A2000055 /* SessionFileWatcher.swift */ = {isa = PBXFileReference; lastKnownFileType = sourcecode.swift; path = SessionFileWatcher.swift; sourceTree = "<group>"; };
		A2000056 /* SessionStore.swift */ = {isa = PBXFileReference; lastKnownFileType = sourcecode.swift; path = SessionStore.swift; sourceTree = "<group>"; };
		A2000057 /* SessionWindowView.swift */ = {isa = PBXFileReference; lastKnownFileType = sourcecode.swift; path = SessionWindowView.swift; sourceTree = "<group>"; };
		A2000058 /* SessionListView.swift */ = {isa = PBXFileReference; lastKnownFileType = sourcecode.swift; path = SessionListView.swift; sourceTree = "<group>"; };
		A2000059 /* SessionRowView.swift */ = {isa = PBXFileReference; lastKnownFileType = sourcecode.swift; path = SessionRowView.swift; sourceTree = "<group>"; };
		A2000060 /* SessionDetailView.swift */ = {isa = PBXFileReference; lastKnownFileType = sourcecode.swift; path = SessionDetailView.swift; sourceTree = "<group>"; };
		A2000061 /* SessionTurnView.swift */ = {isa = PBXFileReference; lastKnownFileType = sourcecode.swift; path = SessionTurnView.swift; sourceTree = "<group>"; };
		A2000062 /* SessionContentBlockView.swift */ = {isa = PBXFileReference; lastKnownFileType = sourcecode.swift; path = SessionContentBlockView.swift; sourceTree = "<group>"; };
		A2000063 /* SessionToolCallView.swift */ = {isa = PBXFileReference; lastKnownFileType = sourcecode.swift; path = SessionToolCallView.swift; sourceTree = "<group>"; };
		A2000064 /* StatsOverviewView.swift */ = {isa = PBXFileReference; lastKnownFileType = sourcecode.swift; path = StatsOverviewView.swift; sourceTree = "<group>"; };
		A2000065 /* MarkdownTextView.swift */ = {isa = PBXFileReference; lastKnownFileType = sourcecode.swift; path = MarkdownTextView.swift; sourceTree = "<group>"; };
/* End PBXFileReference section */

/* Begin PBXFrameworksBuildPhase section */
		A3000001 /* Frameworks */ = {
			isa = PBXFrameworksBuildPhase;
			buildActionMask = 2147483647;
			files = (
			);
			runOnlyForDeploymentPostprocessing = 0;
		};
		A3000002 /* Frameworks */ = {
			isa = PBXFrameworksBuildPhase;
			buildActionMask = 2147483647;
			files = (
			);
			runOnlyForDeploymentPostprocessing = 0;
		};
/* End PBXFrameworksBuildPhase section */

/* Begin PBXGroup section */
		A4000000 /* Root */ = {
			isa = PBXGroup;
			children = (
				A4000001 /* PIQ */,
				A4000008 /* PIQTests */,
				A4000099 /* Products */,
			);
			sourceTree = "<group>";
		};
		A4000001 /* PIQ */ = {
			isa = PBXGroup;
			children = (
				A4000002 /* App */,
				A4000003 /* Views */,
				A4000004 /* Models */,
				A4000005 /* Services */,
				A4000007 /* Resources */,
				A2000005 /* Info.plist */,
			);
			path = PIQ;
			sourceTree = "<group>";
		};
		A4000002 /* App */ = {
			isa = PBXGroup;
			children = (
				A2000001 /* PIQApp.swift */,
				A2000002 /* AppState.swift */,
			);
			path = App;
			sourceTree = "<group>";
		};
		A4000003 /* Views */ = {
			isa = PBXGroup;
			children = (
				A2000003 /* MenuBarView.swift */,
				A2000057 /* SessionWindowView.swift */,
				A2000058 /* SessionListView.swift */,
				A2000059 /* SessionRowView.swift */,
				A2000060 /* SessionDetailView.swift */,
				A2000061 /* SessionTurnView.swift */,
				A2000062 /* SessionContentBlockView.swift */,
				A2000063 /* SessionToolCallView.swift */,
				A2000064 /* StatsOverviewView.swift */,
				A2000065 /* MarkdownTextView.swift */,
			);
			path = Views;
			sourceTree = "<group>";
		};
		A4000004 /* Models */ = {
			isa = PBXGroup;
			children = (
				A2000050 /* SessionEntry.swift */,
				A2000051 /* SessionMessage.swift */,
				A2000052 /* SessionTurn.swift */,
			);
			path = Models;
			sourceTree = "<group>";
		};
		A4000005 /* Services */ = {
			isa = PBXGroup;
			children = (
				A2000053 /* SessionParser.swift */,
				A2000054 /* SessionScanner.swift */,
				A2000055 /* SessionFileWatcher.swift */,
				A2000056 /* SessionStore.swift */,
			);
			path = Services;
			sourceTree = "<group>";
		};
		A4000007 /* Resources */ = {
			isa = PBXGroup;
			children = (
				A2000004 /* Assets.xcassets */,
			);
			path = Resources;
			sourceTree = "<group>";
		};
		A4000008 /* PIQTests */ = {
			isa = PBXGroup;
			children = (
			);
			path = PIQTests;
			sourceTree = "<group>";
		};
		A4000099 /* Products */ = {
			isa = PBXGroup;
			children = (
				A2000010 /* PIQ.app */,
				A2000019 /* PIQTests.xctest */,
			);
			name = Products;
			sourceTree = "<group>";
		};
/* End PBXGroup section */

/* Begin PBXNativeTarget section */
		A5000001 /* PIQ */ = {
			isa = PBXNativeTarget;
			buildConfigurationList = A7000001 /* Build configuration list for PBXNativeTarget "PIQ" */;
			buildPhases = (
				A6000001 /* Sources */,
				A3000001 /* Frameworks */,
				A6000002 /* Resources */,
			);
			buildRules = (
			);
			dependencies = (
			);
			name = PIQ;
			productName = PIQ;
			productReference = A2000010 /* PIQ.app */;
			productType = "com.apple.product-type.application";
		};
		A5000002 /* PIQTests */ = {
			isa = PBXNativeTarget;
			buildConfigurationList = A7000003 /* Build configuration list for PBXNativeTarget "PIQTests" */;
			buildPhases = (
				A6000003 /* Sources */,
				A3000002 /* Frameworks */,
			);
			buildRules = (
			);
			dependencies = (
				AB000001 /* PBXTargetDependency */,
			);
			name = PIQTests;
			productName = PIQTests;
			productReference = A2000019 /* PIQTests.xctest */;
			productType = "com.apple.product-type.bundle.unit-test";
		};
/* End PBXNativeTarget section */

/* Begin PBXProject section */
		A8000001 /* Project object */ = {
			isa = PBXProject;
			attributes = {
				BuildIndependentTargetsInParallel = 1;
				LastSwiftUpdateCheck = 1600;
				LastUpgradeCheck = 1600;
				TargetAttributes = {
					A5000001 = {
						CreatedOnToolsVersion = 16.0;
					};
					A5000002 = {
						CreatedOnToolsVersion = 16.0;
						TestTargetID = A5000001;
					};
				};
			};
			buildConfigurationList = A7000002 /* Build configuration list for PBXProject "PIQ" */;
			compatibilityVersion = "Xcode 14.0";
			developmentRegion = en;
			hasScannedForEncodings = 0;
			knownRegions = (
				en,
				Base,
			);
			mainGroup = A4000000 /* Root */;
			productRefGroup = A4000099 /* Products */;
			projectDirPath = "";
			projectRoot = "";
			targets = (
				A5000001 /* PIQ */,
				A5000002 /* PIQTests */,
			);
		};
/* End PBXProject section */

/* Begin PBXResourcesBuildPhase section */
		A6000002 /* Resources */ = {
			isa = PBXResourcesBuildPhase;
			buildActionMask = 2147483647;
			files = (
				A1000004 /* Assets.xcassets in Resources */,
			);
			runOnlyForDeploymentPostprocessing = 0;
		};
/* End PBXResourcesBuildPhase section */

/* Begin PBXSourcesBuildPhase section */
		A6000001 /* Sources */ = {
			isa = PBXSourcesBuildPhase;
			buildActionMask = 2147483647;
			files = (
				A1000001 /* PIQApp.swift in Sources */,
				A1000002 /* AppState.swift in Sources */,
				A1000003 /* MenuBarView.swift in Sources */,
				A1000050 /* SessionEntry.swift in Sources */,
				A1000051 /* SessionMessage.swift in Sources */,
				A1000052 /* SessionTurn.swift in Sources */,
				A1000053 /* SessionParser.swift in Sources */,
				A1000054 /* SessionScanner.swift in Sources */,
				A1000055 /* SessionFileWatcher.swift in Sources */,
				A1000056 /* SessionStore.swift in Sources */,
				A1000057 /* SessionWindowView.swift in Sources */,
				A1000058 /* SessionListView.swift in Sources */,
				A1000059 /* SessionRowView.swift in Sources */,
				A1000060 /* SessionDetailView.swift in Sources */,
				A1000061 /* SessionTurnView.swift in Sources */,
				A1000062 /* SessionContentBlockView.swift in Sources */,
				A1000063 /* SessionToolCallView.swift in Sources */,
				A1000064 /* StatsOverviewView.swift in Sources */,
				A1000065 /* MarkdownTextView.swift in Sources */,
			);
			runOnlyForDeploymentPostprocessing = 0;
		};
		A6000003 /* Sources */ = {
			isa = PBXSourcesBuildPhase;
			buildActionMask = 2147483647;
			files = (
			);
			runOnlyForDeploymentPostprocessing = 0;
		};
/* End PBXSourcesBuildPhase section */

/* Begin PBXTargetDependency section */
		AB000001 /* PBXTargetDependency */ = {
			isa = PBXTargetDependency;
			target = A5000001 /* PIQ */;
			targetProxy = AA000001 /* PBXContainerItemProxy */;
		};
/* End PBXTargetDependency section */

/* Begin XCBuildConfiguration section */
		A9000001 /* Debug */ = {
			isa = XCBuildConfiguration;
			buildSettings = {
				ALWAYS_SEARCH_USER_PATHS = NO;
				ASSETCATALOG_COMPILER_GENERATE_SWIFT_ASSET_SYMBOL_EXTENSIONS = YES;
				CLANG_ANALYZER_NONNULL = YES;
				CLANG_CXX_LANGUAGE_STANDARD = "gnu++20";
				CLANG_ENABLE_MODULES = YES;
				CLANG_ENABLE_OBJC_ARC = YES;
				CLANG_WARN_BLOCK_CAPTURE_AUTORELEASING = YES;
				CLANG_WARN_BOOL_CONVERSION = YES;
				CLANG_WARN_COMMA = YES;
				CLANG_WARN_CONSTANT_CONVERSION = YES;
				CLANG_WARN_DEPRECATED_OBJC_IMPLEMENTATIONS = YES;
				CLANG_WARN_DIRECT_OBJC_ISA_USAGE = YES_ERROR;
				CLANG_WARN_DOCUMENTATION_COMMENTS = YES;
				CLANG_WARN_EMPTY_BODY = YES;
				CLANG_WARN_ENUM_CONVERSION = YES;
				CLANG_WARN_INFINITE_RECURSION = YES;
				CLANG_WARN_INT_CONVERSION = YES;
				CLANG_WARN_NON_LITERAL_NULL_CONVERSION = YES;
				CLANG_WARN_OBJC_IMPLICIT_RETAIN_SELF = YES;
				CLANG_WARN_OBJC_LITERAL_CONVERSION = YES;
				CLANG_WARN_OBJC_ROOT_CLASS = YES_ERROR;
				CLANG_WARN_QUOTED_INCLUDE_IN_FRAMEWORK_HEADER = YES;
				CLANG_WARN_RANGE_LOOP_ANALYSIS = YES;
				CLANG_WARN_STRICT_PROTOTYPES = YES;
				CLANG_WARN_SUSPICIOUS_MOVE = YES;
				CLANG_WARN_UNGUARDED_AVAILABILITY = YES_AGGRESSIVE;
				CLANG_WARN_UNREACHABLE_CODE = YES;
				CLANG_WARN__DUPLICATE_METHOD_MATCH = YES;
				COPY_PHASE_STRIP = NO;
				DEBUG_INFORMATION_FORMAT = dwarf;
				ENABLE_STRICT_OBJC_MSGSEND = YES;
				ENABLE_TESTABILITY = YES;
				ENABLE_USER_SCRIPT_SANDBOXING = YES;
				GCC_C_LANGUAGE_STANDARD = gnu17;
				GCC_DYNAMIC_NO_PIC = NO;
				GCC_NO_COMMON_BLOCKS = YES;
				GCC_OPTIMIZATION_LEVEL = 0;
				GCC_PREPROCESSOR_DEFINITIONS = (
					"DEBUG=1",
					"$(inherited)",
				);
				GCC_WARN_64_TO_32_BIT_CONVERSION = YES;
				GCC_WARN_ABOUT_RETURN_TYPE = YES_ERROR;
				GCC_WARN_UNDECLARED_SELECTOR = YES;
				GCC_WARN_UNINITIALIZED_AUTOS = YES_AGGRESSIVE;
				GCC_WARN_UNUSED_FUNCTION = YES;
				GCC_WARN_UNUSED_VARIABLE = YES;
				MACOSX_DEPLOYMENT_TARGET = 14.0;
				MTL_ENABLE_DEBUG_INFO = INCLUDE_SOURCE;
				MTL_FAST_MATH = YES;
				ONLY_ACTIVE_ARCH = YES;
				SDKROOT = macosx;
				SWIFT_ACTIVE_COMPILATION_CONDITIONS = "$(inherited) DEBUG";
				SWIFT_OPTIMIZATION_LEVEL = "-Onone";
				SWIFT_VERSION = 6.0;
			};
			name = Debug;
		};
		A9000002 /* Release */ = {
			isa = XCBuildConfiguration;
			buildSettings = {
				ALWAYS_SEARCH_USER_PATHS = NO;
				ASSETCATALOG_COMPILER_GENERATE_SWIFT_ASSET_SYMBOL_EXTENSIONS = YES;
				CLANG_ANALYZER_NONNULL = YES;
				CLANG_CXX_LANGUAGE_STANDARD = "gnu++20";
				CLANG_ENABLE_MODULES = YES;
				CLANG_ENABLE_OBJC_ARC = YES;
				CLANG_WARN_BLOCK_CAPTURE_AUTORELEASING = YES;
				CLANG_WARN_BOOL_CONVERSION = YES;
				CLANG_WARN_COMMA = YES;
				CLANG_WARN_CONSTANT_CONVERSION = YES;
				CLANG_WARN_DEPRECATED_OBJC_IMPLEMENTATIONS = YES;
				CLANG_WARN_DIRECT_OBJC_ISA_USAGE = YES_ERROR;
				CLANG_WARN_DOCUMENTATION_COMMENTS = YES;
				CLANG_WARN_EMPTY_BODY = YES;
				CLANG_WARN_ENUM_CONVERSION = YES;
				CLANG_WARN_INFINITE_RECURSION = YES;
				CLANG_WARN_INT_CONVERSION = YES;
				CLANG_WARN_NON_LITERAL_NULL_CONVERSION = YES;
				CLANG_WARN_OBJC_IMPLICIT_RETAIN_SELF = YES;
				CLANG_WARN_OBJC_LITERAL_CONVERSION = YES;
				CLANG_WARN_OBJC_ROOT_CLASS = YES_ERROR;
				CLANG_WARN_QUOTED_INCLUDE_IN_FRAMEWORK_HEADER = YES;
				CLANG_WARN_RANGE_LOOP_ANALYSIS = YES;
				CLANG_WARN_STRICT_PROTOTYPES = YES;
				CLANG_WARN_SUSPICIOUS_MOVE = YES;
				CLANG_WARN_UNGUARDED_AVAILABILITY = YES_AGGRESSIVE;
				CLANG_WARN_UNREACHABLE_CODE = YES;
				CLANG_WARN__DUPLICATE_METHOD_MATCH = YES;
				COPY_PHASE_STRIP = NO;
				DEBUG_INFORMATION_FORMAT = "dwarf-with-dsym";
				ENABLE_NS_ASSERTIONS = NO;
				ENABLE_STRICT_OBJC_MSGSEND = YES;
				ENABLE_USER_SCRIPT_SANDBOXING = YES;
				GCC_C_LANGUAGE_STANDARD = gnu17;
				GCC_NO_COMMON_BLOCKS = YES;
				GCC_WARN_64_TO_32_BIT_CONVERSION = YES;
				GCC_WARN_ABOUT_RETURN_TYPE = YES_ERROR;
				GCC_WARN_UNDECLARED_SELECTOR = YES;
				GCC_WARN_UNINITIALIZED_AUTOS = YES_AGGRESSIVE;
				GCC_WARN_UNUSED_FUNCTION = YES;
				GCC_WARN_UNUSED_VARIABLE = YES;
				MACOSX_DEPLOYMENT_TARGET = 14.0;
				MTL_FAST_MATH = YES;
				SDKROOT = macosx;
				SWIFT_COMPILATION_MODE = wholemodule;
				SWIFT_VERSION = 6.0;
			};
			name = Release;
		};
		A9000003 /* Debug */ = {
			isa = XCBuildConfiguration;
			buildSettings = {
				ASSETCATALOG_COMPILER_APPICON_NAME = AppIcon;
				CODE_SIGN_IDENTITY = "Apple Development";
				CODE_SIGN_STYLE = Automatic;
				COMBINE_HIDPI_IMAGES = YES;
				CURRENT_PROJECT_VERSION = 1;
				DEVELOPMENT_TEAM = Y5RD58553T;
				ENABLE_HARDENED_RUNTIME = YES;
				GENERATE_INFOPLIST_FILE = NO;
				INFOPLIST_FILE = PIQ/Info.plist;
				LD_RUNPATH_SEARCH_PATHS = (
					"$(inherited)",
					"@executable_path/../Frameworks",
				);
				MARKETING_VERSION = 0.1.0;
				PRODUCT_BUNDLE_IDENTIFIER = com.piq.app;
				PRODUCT_NAME = "$(TARGET_NAME)";
				SWIFT_EMIT_LOC_STRINGS = YES;
				SWIFT_STRICT_CONCURRENCY = complete;
				SWIFT_VERSION = 6.0;
			};
			name = Debug;
		};
		A9000004 /* Release */ = {
			isa = XCBuildConfiguration;
			buildSettings = {
				ASSETCATALOG_COMPILER_APPICON_NAME = AppIcon;
				CODE_SIGN_IDENTITY = "Developer ID Application";
				CODE_SIGN_STYLE = Manual;
				COMBINE_HIDPI_IMAGES = YES;
				CURRENT_PROJECT_VERSION = 1;
				DEVELOPMENT_TEAM = Y5RD58553T;
				ENABLE_HARDENED_RUNTIME = YES;
				GENERATE_INFOPLIST_FILE = NO;
				INFOPLIST_FILE = PIQ/Info.plist;
				LD_RUNPATH_SEARCH_PATHS = (
					"$(inherited)",
					"@executable_path/../Frameworks",
				);
				MARKETING_VERSION = 0.1.0;
				PRODUCT_BUNDLE_IDENTIFIER = com.piq.app;
				PRODUCT_NAME = "$(TARGET_NAME)";
				SWIFT_EMIT_LOC_STRINGS = YES;
				SWIFT_STRICT_CONCURRENCY = complete;
				SWIFT_VERSION = 6.0;
			};
			name = Release;
		};
		A9000005 /* Debug */ = {
			isa = XCBuildConfiguration;
			buildSettings = {
				BUNDLE_LOADER = "$(TEST_HOST)";
				CODE_SIGN_IDENTITY = "-";
				CODE_SIGN_STYLE = Automatic;
				CURRENT_PROJECT_VERSION = 1;
				GENERATE_INFOPLIST_FILE = YES;
				MARKETING_VERSION = 1.0;
				PRODUCT_BUNDLE_IDENTIFIER = com.piq.PIQTests;
				PRODUCT_NAME = "$(TARGET_NAME)";
				SWIFT_EMIT_LOC_STRINGS = NO;
				SWIFT_STRICT_CONCURRENCY = complete;
				SWIFT_VERSION = 6.0;
				TEST_HOST = "$(BUILT_PRODUCTS_DIR)/PIQ.app/Contents/MacOS/PIQ";
			};
			name = Debug;
		};
		A9000006 /* Release */ = {
			isa = XCBuildConfiguration;
			buildSettings = {
				BUNDLE_LOADER = "$(TEST_HOST)";
				CODE_SIGN_IDENTITY = "-";
				CODE_SIGN_STYLE = Automatic;
				CURRENT_PROJECT_VERSION = 1;
				GENERATE_INFOPLIST_FILE = YES;
				MARKETING_VERSION = 1.0;
				PRODUCT_BUNDLE_IDENTIFIER = com.piq.PIQTests;
				PRODUCT_NAME = "$(TARGET_NAME)";
				SWIFT_EMIT_LOC_STRINGS = NO;
				SWIFT_STRICT_CONCURRENCY = complete;
				SWIFT_VERSION = 6.0;
				TEST_HOST = "$(BUILT_PRODUCTS_DIR)/PIQ.app/Contents/MacOS/PIQ";
			};
			name = Release;
		};
/* End XCBuildConfiguration section */

/* Begin XCConfigurationList section */
		A7000001 /* Build configuration list for PBXNativeTarget "PIQ" */ = {
			isa = XCConfigurationList;
			buildConfigurations = (
				A9000003 /* Debug */,
				A9000004 /* Release */,
			);
			defaultConfigurationIsVisible = 0;
			defaultConfigurationName = Release;
		};
		A7000002 /* Build configuration list for PBXProject "PIQ" */ = {
			isa = XCConfigurationList;
			buildConfigurations = (
				A9000001 /* Debug */,
				A9000002 /* Release */,
			);
			defaultConfigurationIsVisible = 0;
			defaultConfigurationName = Release;
		};
		A7000003 /* Build configuration list for PBXNativeTarget "PIQTests" */ = {
			isa = XCConfigurationList;
			buildConfigurations = (
				A9000005 /* Debug */,
				A9000006 /* Release */,
			);
			defaultConfigurationIsVisible = 0;
			defaultConfigurationName = Release;
		};
/* End XCConfigurationList section */

	};
	rootObject = A8000001 /* Project object */;
}
